
Microsoft Visual Studio Solution File, Format Version 12.00
# Visual Studio Version 17
VisualStudioVersion = 17.6.33712.159
MinimumVisualStudioVersion = 10.0.40219.1
Project("{FAE04EC0-301F-11D3-BF4B-00C04F79EFBC}") = "Wolf_5.11", "Wolf_5.11.csproj", "{BAA0A4CE-B741-4770-80BB-BA319A24482D}"
EndProject
Global
	GlobalSection(SolutionConfigurationPlatforms) = preSolution
		Debug|Any CPU = Debug|Any CPU
		Release|Any CPU = Release|Any CPU
	EndGlobalSection
	GlobalSection(ProjectConfigurationPlatforms) = postSolution
		{BAA0A4CE-B741-4770-80BB-BA319A24482D}.Debug|Any CPU.ActiveCfg = Debug|Any CPU
		{BAA0A4CE-B741-4770-80BB-BA319A24482D}.Debug|Any CPU.Build.0 = Debug|Any CPU
		{BAA0A4CE-B741-4770-80BB-BA319A24482D}.Release|Any CPU.ActiveCfg = Release|Any CPU
		{BAA0A4CE-B741-4770-80BB-BA319A24482D}.Release|Any CPU.Build.0 = Release|Any CPU
	EndGlobalSection
	GlobalSection(SolutionProperties) = preSolution
		HideSolutionNode = FALSE
	EndGlobalSection
	GlobalSection(ExtensibilityGlobals) = postSolution
		SolutionGuid = {A0E0995A-15D5-48C3-8B7F-739E0B8E16B1}
	EndGlobalSection
EndGlobal
