
Microsoft Visual Studio Solution File, Format Version 12.00
# Visual Studio Version 17
VisualStudioVersion = 17.6.33815.320
MinimumVisualStudioVersion = 10.0.40219.1
Project("{FAE04EC0-301F-11D3-BF4B-00C04F79EFBC}") = "Wolf_10.4", "Wolf_10.4.csproj", "{BEE25648-AAE7-4FFE-9495-F5C4BC4E0B59}"
EndProject
Global
	GlobalSection(SolutionConfigurationPlatforms) = preSolution
		Debug|Any CPU = Debug|Any CPU
		Release|Any CPU = Release|Any CPU
	EndGlobalSection
	GlobalSection(ProjectConfigurationPlatforms) = postSolution
		{BEE25648-AAE7-4FFE-9495-F5C4BC4E0B59}.Debug|Any CPU.ActiveCfg = Debug|Any CPU
		{BEE25648-AAE7-4FFE-9495-F5C4BC4E0B59}.Debug|Any CPU.Build.0 = Debug|Any CPU
		{BEE25648-AAE7-4FFE-9495-F5C4BC4E0B59}.Release|Any CPU.ActiveCfg = Release|Any CPU
		{BEE25648-AAE7-4FFE-9495-F5C4BC4E0B59}.Release|Any CPU.Build.0 = Release|Any CPU
	EndGlobalSection
	GlobalSection(SolutionProperties) = preSolution
		HideSolutionNode = FALSE
	EndGlobalSection
	GlobalSection(ExtensibilityGlobals) = postSolution
		SolutionGuid = {49F6FED6-43EE-4E5C-BCD4-4BA4FB8ED7F8}
	EndGlobalSection
EndGlobal
