
Microsoft Visual Studio Solution File, Format Version 12.00
# Visual Studio Version 16
VisualStudioVersion = 16.0.33529.622
MinimumVisualStudioVersion = 10.0.40219.1
Project("{FAE04EC0-301F-11D3-BF4B-00C04F79EFBC}") = "Wolf_2.3", "Wolf_2.3.csproj", "{B0054AF3-6837-4C31-809A-CD13E2AD6F2B}"
EndProject
Global
	GlobalSection(SolutionConfigurationPlatforms) = preSolution
		Debug|Any CPU = Debug|Any CPU
		Release|Any CPU = Release|Any CPU
	EndGlobalSection
	GlobalSection(ProjectConfigurationPlatforms) = postSolution
		{B0054AF3-6837-4C31-809A-CD13E2AD6F2B}.Debug|Any CPU.ActiveCfg = Debug|Any CPU
		{B0054AF3-6837-4C31-809A-CD13E2AD6F2B}.Debug|Any CPU.Build.0 = Debug|Any CPU
		{B0054AF3-6837-4C31-809A-CD13E2AD6F2B}.Release|Any CPU.ActiveCfg = Release|Any CPU
		{B0054AF3-6837-4C31-809A-CD13E2AD6F2B}.Release|Any CPU.Build.0 = Release|Any CPU
	EndGlobalSection
	GlobalSection(SolutionProperties) = preSolution
		HideSolutionNode = FALSE
	EndGlobalSection
	GlobalSection(ExtensibilityGlobals) = postSolution
		SolutionGuid = {162A34FF-8A50-4D42-9806-FD349BD54E5E}
	EndGlobalSection
EndGlobal
