
Microsoft Visual Studio Solution File, Format Version 12.00
# Visual Studio Version 17
VisualStudioVersion = 17.8.34525.116
MinimumVisualStudioVersion = 10.0.40219.1
Project("{FAE04EC0-301F-11D3-BF4B-00C04F79EFBC}") = "Wolf_Milestone2", "Wolf_Milestone2.csproj", "{BE1E67A4-98A3-4072-8B78-FDA91C87B981}"
EndProject
Global
	GlobalSection(SolutionConfigurationPlatforms) = preSolution
		Debug|Any CPU = Debug|Any CPU
		Release|Any CPU = Release|Any CPU
	EndGlobalSection
	GlobalSection(ProjectConfigurationPlatforms) = postSolution
		{BE1E67A4-98A3-4072-8B78-FDA91C87B981}.Debug|Any CPU.ActiveCfg = Debug|Any CPU
		{BE1E67A4-98A3-4072-8B78-FDA91C87B981}.Debug|Any CPU.Build.0 = Debug|Any CPU
		{BE1E67A4-98A3-4072-8B78-FDA91C87B981}.Release|Any CPU.ActiveCfg = Release|Any CPU
		{BE1E67A4-98A3-4072-8B78-FDA91C87B981}.Release|Any CPU.Build.0 = Release|Any CPU
	EndGlobalSection
	GlobalSection(SolutionProperties) = preSolution
		HideSolutionNode = FALSE
	EndGlobalSection
	GlobalSection(ExtensibilityGlobals) = postSolution
		SolutionGuid = {EF93AC13-8A9B-47CA-9776-351270C4BBD2}
	EndGlobalSection
EndGlobal
