
Microsoft Visual Studio Solution File, Format Version 12.00
# Visual Studio Version 17
VisualStudioVersion = 17.6.33712.159
MinimumVisualStudioVersion = 10.0.40219.1
Project("{FAE04EC0-301F-11D3-BF4B-00C04F79EFBC}") = "Wolf_3.14", "Wolf_3.14.csproj", "{1891F741-5806-4084-9263-E4EBC8BE2B9B}"
EndProject
Global
	GlobalSection(SolutionConfigurationPlatforms) = preSolution
		Debug|Any CPU = Debug|Any CPU
		Release|Any CPU = Release|Any CPU
	EndGlobalSection
	GlobalSection(ProjectConfigurationPlatforms) = postSolution
		{1891F741-5806-4084-9263-E4EBC8BE2B9B}.Debug|Any CPU.ActiveCfg = Debug|Any CPU
		{1891F741-5806-4084-9263-E4EBC8BE2B9B}.Debug|Any CPU.Build.0 = Debug|Any CPU
		{1891F741-5806-4084-9263-E4EBC8BE2B9B}.Release|Any CPU.ActiveCfg = Release|Any CPU
		{1891F741-5806-4084-9263-E4EBC8BE2B9B}.Release|Any CPU.Build.0 = Release|Any CPU
	EndGlobalSection
	GlobalSection(SolutionProperties) = preSolution
		HideSolutionNode = FALSE
	EndGlobalSection
	GlobalSection(ExtensibilityGlobals) = postSolution
		SolutionGuid = {AB5F96C4-49A3-4D1A-9D3E-B3480E4F5B76}
	EndGlobalSection
EndGlobal
