
Microsoft Visual Studio Solution File, Format Version 12.00
# Visual Studio Version 17
VisualStudioVersion = 17.6.33712.159
MinimumVisualStudioVersion = 10.0.40219.1
Project("{FAE04EC0-301F-11D3-BF4B-00C04F79EFBC}") = "Wolf_5.6", "Wolf_5.6.csproj", "{C68C1FC3-E18A-4FC8-B423-3A9D71877D9E}"
EndProject
Global
	GlobalSection(SolutionConfigurationPlatforms) = preSolution
		Debug|Any CPU = Debug|Any CPU
		Release|Any CPU = Release|Any CPU
	EndGlobalSection
	GlobalSection(ProjectConfigurationPlatforms) = postSolution
		{C68C1FC3-E18A-4FC8-B423-3A9D71877D9E}.Debug|Any CPU.ActiveCfg = Debug|Any CPU
		{C68C1FC3-E18A-4FC8-B423-3A9D71877D9E}.Debug|Any CPU.Build.0 = Debug|Any CPU
		{C68C1FC3-E18A-4FC8-B423-3A9D71877D9E}.Release|Any CPU.ActiveCfg = Release|Any CPU
		{C68C1FC3-E18A-4FC8-B423-3A9D71877D9E}.Release|Any CPU.Build.0 = Release|Any CPU
	EndGlobalSection
	GlobalSection(SolutionProperties) = preSolution
		HideSolutionNode = FALSE
	EndGlobalSection
	GlobalSection(ExtensibilityGlobals) = postSolution
		SolutionGuid = {15089673-A552-4882-9843-EFAE6B801CD5}
	EndGlobalSection
EndGlobal
