
Microsoft Visual Studio Solution File, Format Version 12.00
# Visual Studio Version 17
VisualStudioVersion = 17.8.34525.116
MinimumVisualStudioVersion = 10.0.40219.1
Project("{FAE04EC0-301F-11D3-BF4B-00C04F79EFBC}") = "Wolf_Milestone1", "Wolf_Milestone1.csproj", "{FB9E16B7-8079-40FE-B1EE-169F983254D3}"
EndProject
Global
	GlobalSection(SolutionConfigurationPlatforms) = preSolution
		Debug|Any CPU = Debug|Any CPU
		Release|Any CPU = Release|Any CPU
	EndGlobalSection
	GlobalSection(ProjectConfigurationPlatforms) = postSolution
		{FB9E16B7-8079-40FE-B1EE-169F983254D3}.Debug|Any CPU.ActiveCfg = Debug|Any CPU
		{FB9E16B7-8079-40FE-B1EE-169F983254D3}.Debug|Any CPU.Build.0 = Debug|Any CPU
		{FB9E16B7-8079-40FE-B1EE-169F983254D3}.Release|Any CPU.ActiveCfg = Release|Any CPU
		{FB9E16B7-8079-40FE-B1EE-169F983254D3}.Release|Any CPU.Build.0 = Release|Any CPU
	EndGlobalSection
	GlobalSection(SolutionProperties) = preSolution
		HideSolutionNode = FALSE
	EndGlobalSection
	GlobalSection(ExtensibilityGlobals) = postSolution
		SolutionGuid = {A73DCEBC-ECCA-4C32-A2B1-706415C624E0}
	EndGlobalSection
EndGlobal
