
Microsoft Visual Studio Solution File, Format Version 12.00
# Visual Studio Version 16
VisualStudioVersion = 16.0.33529.622
MinimumVisualStudioVersion = 10.0.40219.1
Project("{FAE04EC0-301F-11D3-BF4B-00C04F79EFBC}") = "CSharp_Stuff", "CSharp_Stuff.csproj", "{87D7353F-8C24-4590-9A1B-7B9AD24808CA}"
EndProject
Global
	GlobalSection(SolutionConfigurationPlatforms) = preSolution
		Debug|Any CPU = Debug|Any CPU
		Release|Any CPU = Release|Any CPU
	EndGlobalSection
	GlobalSection(ProjectConfigurationPlatforms) = postSolution
		{87D7353F-8C24-4590-9A1B-7B9AD24808CA}.Debug|Any CPU.ActiveCfg = Debug|Any CPU
		{87D7353F-8C24-4590-9A1B-7B9AD24808CA}.Debug|Any CPU.Build.0 = Debug|Any CPU
		{87D7353F-8C24-4590-9A1B-7B9AD24808CA}.Release|Any CPU.ActiveCfg = Release|Any CPU
		{87D7353F-8C24-4590-9A1B-7B9AD24808CA}.Release|Any CPU.Build.0 = Release|Any CPU
	EndGlobalSection
	GlobalSection(SolutionProperties) = preSolution
		HideSolutionNode = FALSE
	EndGlobalSection
	GlobalSection(ExtensibilityGlobals) = postSolution
		SolutionGuid = {AC399F9F-CC8F-46E9-B6BF-A910E807EA76}
	EndGlobalSection
EndGlobal
