
Microsoft Visual Studio Solution File, Format Version 12.00
# Visual Studio Version 17
VisualStudioVersion = 17.6.33712.159
MinimumVisualStudioVersion = 10.0.40219.1
Project("{FAE04EC0-301F-11D3-BF4B-00C04F79EFBC}") = "Wolf_exam1", "Wolf_exam1.csproj", "{96056151-12FF-4653-9958-D79551F56614}"
EndProject
Global
	GlobalSection(SolutionConfigurationPlatforms) = preSolution
		Debug|Any CPU = Debug|Any CPU
		Release|Any CPU = Release|Any CPU
	EndGlobalSection
	GlobalSection(ProjectConfigurationPlatforms) = postSolution
		{96056151-12FF-4653-9958-D79551F56614}.Debug|Any CPU.ActiveCfg = Debug|Any CPU
		{96056151-12FF-4653-9958-D79551F56614}.Debug|Any CPU.Build.0 = Debug|Any CPU
		{96056151-12FF-4653-9958-D79551F56614}.Release|Any CPU.ActiveCfg = Release|Any CPU
		{96056151-12FF-4653-9958-D79551F56614}.Release|Any CPU.Build.0 = Release|Any CPU
	EndGlobalSection
	GlobalSection(SolutionProperties) = preSolution
		HideSolutionNode = FALSE
	EndGlobalSection
	GlobalSection(ExtensibilityGlobals) = postSolution
		SolutionGuid = {965EA780-36E4-4B04-98F6-504E7909638C}
	EndGlobalSection
EndGlobal
