
Microsoft Visual Studio Solution File, Format Version 12.00
# Visual Studio Version 16
VisualStudioVersion = 16.0.33529.622
MinimumVisualStudioVersion = 10.0.40219.1
Project("{FAE04EC0-301F-11D3-BF4B-00C04F79EFBC}") = "Wolf_2.4", "Wolf_2.4.csproj", "{E38BE047-8DB2-49FC-806A-57326DD407DB}"
EndProject
Global
	GlobalSection(SolutionConfigurationPlatforms) = preSolution
		Debug|Any CPU = Debug|Any CPU
		Release|Any CPU = Release|Any CPU
	EndGlobalSection
	GlobalSection(ProjectConfigurationPlatforms) = postSolution
		{E38BE047-8DB2-49FC-806A-57326DD407DB}.Debug|Any CPU.ActiveCfg = Debug|Any CPU
		{E38BE047-8DB2-49FC-806A-57326DD407DB}.Debug|Any CPU.Build.0 = Debug|Any CPU
		{E38BE047-8DB2-49FC-806A-57326DD407DB}.Release|Any CPU.ActiveCfg = Release|Any CPU
		{E38BE047-8DB2-49FC-806A-57326DD407DB}.Release|Any CPU.Build.0 = Release|Any CPU
	EndGlobalSection
	GlobalSection(SolutionProperties) = preSolution
		HideSolutionNode = FALSE
	EndGlobalSection
	GlobalSection(ExtensibilityGlobals) = postSolution
		SolutionGuid = {28BA4471-C51F-4D90-ACC0-44DCDCD018FE}
	EndGlobalSection
EndGlobal
