
Microsoft Visual Studio Solution File, Format Version 12.00
# Visual Studio Version 17
VisualStudioVersion = 17.6.33815.320
MinimumVisualStudioVersion = 10.0.40219.1
Project("{FAE04EC0-301F-11D3-BF4B-00C04F79EFBC}") = "Wolf_6.5", "Wolf_6.5.csproj", "{4DCAD882-FDBE-45EF-9438-58BEEB66EBE4}"
EndProject
Global
	GlobalSection(SolutionConfigurationPlatforms) = preSolution
		Debug|Any CPU = Debug|Any CPU
		Release|Any CPU = Release|Any CPU
	EndGlobalSection
	GlobalSection(ProjectConfigurationPlatforms) = postSolution
		{4DCAD882-FDBE-45EF-9438-58BEEB66EBE4}.Debug|Any CPU.ActiveCfg = Debug|Any CPU
		{4DCAD882-FDBE-45EF-9438-58BEEB66EBE4}.Debug|Any CPU.Build.0 = Debug|Any CPU
		{4DCAD882-FDBE-45EF-9438-58BEEB66EBE4}.Release|Any CPU.ActiveCfg = Release|Any CPU
		{4DCAD882-FDBE-45EF-9438-58BEEB66EBE4}.Release|Any CPU.Build.0 = Release|Any CPU
	EndGlobalSection
	GlobalSection(SolutionProperties) = preSolution
		HideSolutionNode = FALSE
	EndGlobalSection
	GlobalSection(ExtensibilityGlobals) = postSolution
		SolutionGuid = {171EA94D-A0B5-4CF7-981C-DDE72C4E4066}
	EndGlobalSection
EndGlobal
