
Microsoft Visual Studio Solution File, Format Version 12.00
# Visual Studio Version 17
VisualStudioVersion = 17.8.34525.116
MinimumVisualStudioVersion = 10.0.40219.1
Project("{FAE04EC0-301F-11D3-BF4B-00C04F79EFBC}") = "Wolf_Milestone4", "Wolf_Milestone4.csproj", "{2B91E69B-DF4B-46A8-80B9-FB465D5F488F}"
EndProject
Global
	GlobalSection(SolutionConfigurationPlatforms) = preSolution
		Debug|Any CPU = Debug|Any CPU
		Release|Any CPU = Release|Any CPU
	EndGlobalSection
	GlobalSection(ProjectConfigurationPlatforms) = postSolution
		{2B91E69B-DF4B-46A8-80B9-FB465D5F488F}.Debug|Any CPU.ActiveCfg = Debug|Any CPU
		{2B91E69B-DF4B-46A8-80B9-FB465D5F488F}.Debug|Any CPU.Build.0 = Debug|Any CPU
		{2B91E69B-DF4B-46A8-80B9-FB465D5F488F}.Release|Any CPU.ActiveCfg = Release|Any CPU
		{2B91E69B-DF4B-46A8-80B9-FB465D5F488F}.Release|Any CPU.Build.0 = Release|Any CPU
	EndGlobalSection
	GlobalSection(SolutionProperties) = preSolution
		HideSolutionNode = FALSE
	EndGlobalSection
	GlobalSection(ExtensibilityGlobals) = postSolution
		SolutionGuid = {0DC18C88-733B-4566-90B2-CFC2B4D0234D}
	EndGlobalSection
EndGlobal
